
Microsoft Visual Studio Solution File, Format Version 12.00
# Visual Studio 2013
VisualStudioVersion = 12.0.30723.0
MinimumVisualStudioVersion = 10.0.40219.1
Project("{FAE04EC0-301F-11D3-BF4B-00C04F79EFBC}") = "hnnssy", "hnnssy\hnnssy.csproj", "{94858207-A69C-4B83-96FF-49407F9C88B4}"
EndProject
Project("{FAE04EC0-301F-11D3-BF4B-00C04F79EFBC}") = "hnnssy.Tests", "hnnssy.Tests\hnnssy.Tests.csproj", "{338A223B-7279-4CC7-801E-FD30B0113CD0}"
EndProject
Project("{FAE04EC0-301F-11D3-BF4B-00C04F79EFBC}") = "Helpers", "Helpers\Helpers.csproj", "{3D4F8B7F-4C8A-43D4-8F73-83E1B9132AD3}"
EndProject
Global
	GlobalSection(SolutionConfigurationPlatforms) = preSolution
		Debug|Any CPU = Debug|Any CPU
		Release|Any CPU = Release|Any CPU
	EndGlobalSection
	GlobalSection(ProjectConfigurationPlatforms) = postSolution
		{94858207-A69C-4B83-96FF-49407F9C88B4}.Debug|Any CPU.ActiveCfg = Debug|Any CPU
		{94858207-A69C-4B83-96FF-49407F9C88B4}.Debug|Any CPU.Build.0 = Debug|Any CPU
		{94858207-A69C-4B83-96FF-49407F9C88B4}.Release|Any CPU.ActiveCfg = Release|Any CPU
		{94858207-A69C-4B83-96FF-49407F9C88B4}.Release|Any CPU.Build.0 = Release|Any CPU
		{338A223B-7279-4CC7-801E-FD30B0113CD0}.Debug|Any CPU.ActiveCfg = Debug|Any CPU
		{338A223B-7279-4CC7-801E-FD30B0113CD0}.Debug|Any CPU.Build.0 = Debug|Any CPU
		{338A223B-7279-4CC7-801E-FD30B0113CD0}.Release|Any CPU.ActiveCfg = Release|Any CPU
		{338A223B-7279-4CC7-801E-FD30B0113CD0}.Release|Any CPU.Build.0 = Release|Any CPU
		{3D4F8B7F-4C8A-43D4-8F73-83E1B9132AD3}.Debug|Any CPU.ActiveCfg = Debug|Any CPU
		{3D4F8B7F-4C8A-43D4-8F73-83E1B9132AD3}.Debug|Any CPU.Build.0 = Debug|Any CPU
		{3D4F8B7F-4C8A-43D4-8F73-83E1B9132AD3}.Release|Any CPU.ActiveCfg = Release|Any CPU
		{3D4F8B7F-4C8A-43D4-8F73-83E1B9132AD3}.Release|Any CPU.Build.0 = Release|Any CPU
	EndGlobalSection
	GlobalSection(SolutionProperties) = preSolution
		HideSolutionNode = FALSE
	EndGlobalSection
EndGlobal
